// !$*UTF8*$!
{
	archiveVersion = 1;
	classes = {
	};
	objectVersion = 50;
	objects = {

/* Begin PBXBuildFile section */
		341CCC1B2248F22500DD6C18 /* WeatherModel.swift in Sources */ = {isa = PBXBuildFile; fileRef = 341CCC1A2248F22500DD6C18 /* WeatherModel.swift */; };
		341CCC1D2248F22E00DD6C18 /* traductionModel.swift in Sources */ = {isa = PBXBuildFile; fileRef = 341CCC1C2248F22E00DD6C18 /* traductionModel.swift */; };
		34F1AA5A22439A3400FB7022 /* AppDelegate.swift in Sources */ = {isa = PBXBuildFile; fileRef = 34F1AA5922439A3400FB7022 /* AppDelegate.swift */; };
		34F1AA5C22439A3400FB7022 /* ViewController.swift in Sources */ = {isa = PBXBuildFile; fileRef = 34F1AA5B22439A3400FB7022 /* ViewController.swift */; };
		34F1AA5F22439A3400FB7022 /* Main.storyboard in Resources */ = {isa = PBXBuildFile; fileRef = 34F1AA5D22439A3400FB7022 /* Main.storyboard */; };
		34F1AA6122439A3500FB7022 /* Assets.xcassets in Resources */ = {isa = PBXBuildFile; fileRef = 34F1AA6022439A3500FB7022 /* Assets.xcassets */; };
		34F1AA6422439A3500FB7022 /* LaunchScreen.storyboard in Resources */ = {isa = PBXBuildFile; fileRef = 34F1AA6222439A3500FB7022 /* LaunchScreen.storyboard */; };
		34F1AA6F22439A3500FB7022 /* BaluchonTests.swift in Sources */ = {isa = PBXBuildFile; fileRef = 34F1AA6E22439A3500FB7022 /* BaluchonTests.swift */; };
		34F1AA7A22439A3500FB7022 /* BaluchonUITests.swift in Sources */ = {isa = PBXBuildFile; fileRef = 34F1AA7922439A3500FB7022 /* BaluchonUITests.swift */; };
		34F1AA8B22439CBC00FB7022 /* ChangeModel.swift in Sources */ = {isa = PBXBuildFile; fileRef = 34F1AA8A22439CBC00FB7022 /* ChangeModel.swift */; };
		34F1AA8D22439F6800FB7022 /* ChangeViewController.swift in Sources */ = {isa = PBXBuildFile; fileRef = 34F1AA8C22439F6800FB7022 /* ChangeViewController.swift */; };
		34F1AA8F22439FC300FB7022 /* WeatherViewController.swift in Sources */ = {isa = PBXBuildFile; fileRef = 34F1AA8E22439FC300FB7022 /* WeatherViewController.swift */; };
		34F1AA9122439FD300FB7022 /* TraductionViewController.swift in Sources */ = {isa = PBXBuildFile; fileRef = 34F1AA9022439FD300FB7022 /* TraductionViewController.swift */; };
/* End PBXBuildFile section */

/* Begin PBXContainerItemProxy section */
		34F1AA6B22439A3500FB7022 /* PBXContainerItemProxy */ = {
			isa = PBXContainerItemProxy;
			containerPortal = 34F1AA4E22439A3400FB7022 /* Project object */;
			proxyType = 1;
			remoteGlobalIDString = 34F1AA5522439A3400FB7022;
			remoteInfo = Baluchon;
		};
		34F1AA7622439A3500FB7022 /* PBXContainerItemProxy */ = {
			isa = PBXContainerItemProxy;
			containerPortal = 34F1AA4E22439A3400FB7022 /* Project object */;
			proxyType = 1;
			remoteGlobalIDString = 34F1AA5522439A3400FB7022;
			remoteInfo = Baluchon;
		};
/* End PBXContainerItemProxy section */

/* Begin PBXFileReference section */
		341CCC1A2248F22500DD6C18 /* WeatherModel.swift */ = {isa = PBXFileReference; lastKnownFileType = sourcecode.swift; path = WeatherModel.swift; sourceTree = "<group>"; };
		341CCC1C2248F22E00DD6C18 /* traductionModel.swift */ = {isa = PBXFileReference; lastKnownFileType = sourcecode.swift; path = traductionModel.swift; sourceTree = "<group>"; };
		34F1AA5622439A3400FB7022 /* Baluchon.app */ = {isa = PBXFileReference; explicitFileType = wrapper.application; includeInIndex = 0; path = Baluchon.app; sourceTree = BUILT_PRODUCTS_DIR; };
		34F1AA5922439A3400FB7022 /* AppDelegate.swift */ = {isa = PBXFileReference; lastKnownFileType = sourcecode.swift; path = AppDelegate.swift; sourceTree = "<group>"; };
		34F1AA5B22439A3400FB7022 /* ViewController.swift */ = {isa = PBXFileReference; lastKnownFileType = sourcecode.swift; path = ViewController.swift; sourceTree = "<group>"; };
		34F1AA5E22439A3400FB7022 /* Base */ = {isa = PBXFileReference; lastKnownFileType = file.storyboard; name = Base; path = Base.lproj/Main.storyboard; sourceTree = "<group>"; };
		34F1AA6022439A3500FB7022 /* Assets.xcassets */ = {isa = PBXFileReference; lastKnownFileType = folder.assetcatalog; path = Assets.xcassets; sourceTree = "<group>"; };
		34F1AA6322439A3500FB7022 /* Base */ = {isa = PBXFileReference; lastKnownFileType = file.storyboard; name = Base; path = Base.lproj/LaunchScreen.storyboard; sourceTree = "<group>"; };
		34F1AA6522439A3500FB7022 /* Info.plist */ = {isa = PBXFileReference; lastKnownFileType = text.plist.xml; path = Info.plist; sourceTree = "<group>"; };
		34F1AA6A22439A3500FB7022 /* BaluchonTests.xctest */ = {isa = PBXFileReference; explicitFileType = wrapper.cfbundle; includeInIndex = 0; path = BaluchonTests.xctest; sourceTree = BUILT_PRODUCTS_DIR; };
		34F1AA6E22439A3500FB7022 /* BaluchonTests.swift */ = {isa = PBXFileReference; lastKnownFileType = sourcecode.swift; path = BaluchonTests.swift; sourceTree = "<group>"; };
		34F1AA7022439A3500FB7022 /* Info.plist */ = {isa = PBXFileReference; lastKnownFileType = text.plist.xml; path = Info.plist; sourceTree = "<group>"; };
		34F1AA7522439A3500FB7022 /* BaluchonUITests.xctest */ = {isa = PBXFileReference; explicitFileType = wrapper.cfbundle; includeInIndex = 0; path = BaluchonUITests.xctest; sourceTree = BUILT_PRODUCTS_DIR; };
		34F1AA7922439A3500FB7022 /* BaluchonUITests.swift */ = {isa = PBXFileReference; lastKnownFileType = sourcecode.swift; path = BaluchonUITests.swift; sourceTree = "<group>"; };
		34F1AA7B22439A3500FB7022 /* Info.plist */ = {isa = PBXFileReference; lastKnownFileType = text.plist.xml; path = Info.plist; sourceTree = "<group>"; };
		34F1AA8A22439CBC00FB7022 /* ChangeModel.swift */ = {isa = PBXFileReference; lastKnownFileType = sourcecode.swift; path = ChangeModel.swift; sourceTree = "<group>"; };
		34F1AA8C22439F6800FB7022 /* ChangeViewController.swift */ = {isa = PBXFileReference; lastKnownFileType = sourcecode.swift; path = ChangeViewController.swift; sourceTree = "<group>"; };
		34F1AA8E22439FC300FB7022 /* WeatherViewController.swift */ = {isa = PBXFileReference; lastKnownFileType = sourcecode.swift; path = WeatherViewController.swift; sourceTree = "<group>"; };
		34F1AA9022439FD300FB7022 /* TraductionViewController.swift */ = {isa = PBXFileReference; lastKnownFileType = sourcecode.swift; path = TraductionViewController.swift; sourceTree = "<group>"; };
/* End PBXFileReference section */

/* Begin PBXFrameworksBuildPhase section */
		34F1AA5322439A3400FB7022 /* Frameworks */ = {
			isa = PBXFrameworksBuildPhase;
			buildActionMask = 2147483647;
			files = (
			);
			runOnlyForDeploymentPostprocessing = 0;
		};
		34F1AA6722439A3500FB7022 /* Frameworks */ = {
			isa = PBXFrameworksBuildPhase;
			buildActionMask = 2147483647;
			files = (
			);
			runOnlyForDeploymentPostprocessing = 0;
		};
		34F1AA7222439A3500FB7022 /* Frameworks */ = {
			isa = PBXFrameworksBuildPhase;
			buildActionMask = 2147483647;
			files = (
			);
			runOnlyForDeploymentPostprocessing = 0;
		};
/* End PBXFrameworksBuildPhase section */

/* Begin PBXGroup section */
		34F1AA4D22439A3400FB7022 = {
			isa = PBXGroup;
			children = (
				34F1AA8922439A5000FB7022 /* Controller */,
				34F1AA8822439A4A00FB7022 /* View */,
				34F1AA8722439A4200FB7022 /* Model */,
				34F1AA5822439A3400FB7022 /* Baluchon */,
				34F1AA6D22439A3500FB7022 /* BaluchonTests */,
				34F1AA7822439A3500FB7022 /* BaluchonUITests */,
				34F1AA5722439A3400FB7022 /* Products */,
			);
			sourceTree = "<group>";
		};
		34F1AA5722439A3400FB7022 /* Products */ = {
			isa = PBXGroup;
			children = (
				34F1AA5622439A3400FB7022 /* Baluchon.app */,
				34F1AA6A22439A3500FB7022 /* BaluchonTests.xctest */,
				34F1AA7522439A3500FB7022 /* BaluchonUITests.xctest */,
			);
			name = Products;
			sourceTree = "<group>";
		};
		34F1AA5822439A3400FB7022 /* Baluchon */ = {
			isa = PBXGroup;
			children = (
				34F1AA5922439A3400FB7022 /* AppDelegate.swift */,
				34F1AA6022439A3500FB7022 /* Assets.xcassets */,
				34F1AA6222439A3500FB7022 /* LaunchScreen.storyboard */,
				34F1AA6522439A3500FB7022 /* Info.plist */,
			);
			path = Baluchon;
			sourceTree = "<group>";
		};
		34F1AA6D22439A3500FB7022 /* BaluchonTests */ = {
			isa = PBXGroup;
			children = (
				34F1AA6E22439A3500FB7022 /* BaluchonTests.swift */,
				34F1AA7022439A3500FB7022 /* Info.plist */,
			);
			path = BaluchonTests;
			sourceTree = "<group>";
		};
		34F1AA7822439A3500FB7022 /* BaluchonUITests */ = {
			isa = PBXGroup;
			children = (
				34F1AA7922439A3500FB7022 /* BaluchonUITests.swift */,
				34F1AA7B22439A3500FB7022 /* Info.plist */,
			);
			path = BaluchonUITests;
			sourceTree = "<group>";
		};
		34F1AA8722439A4200FB7022 /* Model */ = {
			isa = PBXGroup;
			children = (
				34F1AA8A22439CBC00FB7022 /* ChangeModel.swift */,
				341CCC1A2248F22500DD6C18 /* WeatherModel.swift */,
				341CCC1C2248F22E00DD6C18 /* traductionModel.swift */,
			);
			path = Model;
			sourceTree = "<group>";
		};
		34F1AA8822439A4A00FB7022 /* View */ = {
			isa = PBXGroup;
			children = (
				34F1AA5D22439A3400FB7022 /* Main.storyboard */,
			);
			path = View;
			sourceTree = "<group>";
		};
		34F1AA8922439A5000FB7022 /* Controller */ = {
			isa = PBXGroup;
			children = (
				34F1AA9022439FD300FB7022 /* TraductionViewController.swift */,
				34F1AA8E22439FC300FB7022 /* WeatherViewController.swift */,
				34F1AA8C22439F6800FB7022 /* ChangeViewController.swift */,
				34F1AA5B22439A3400FB7022 /* ViewController.swift */,
			);
			path = Controller;
			sourceTree = "<group>";
		};
/* End PBXGroup section */

/* Begin PBXNativeTarget section */
		34F1AA5522439A3400FB7022 /* Baluchon */ = {
			isa = PBXNativeTarget;
			buildConfigurationList = 34F1AA7E22439A3500FB7022 /* Build configuration list for PBXNativeTarget "Baluchon" */;
			buildPhases = (
				34F1AA5222439A3400FB7022 /* Sources */,
				34F1AA5322439A3400FB7022 /* Frameworks */,
				34F1AA5422439A3400FB7022 /* Resources */,
			);
			buildRules = (
			);
			dependencies = (
			);
			name = Baluchon;
			productName = Baluchon;
			productReference = 34F1AA5622439A3400FB7022 /* Baluchon.app */;
			productType = "com.apple.product-type.application";
		};
		34F1AA6922439A3500FB7022 /* BaluchonTests */ = {
			isa = PBXNativeTarget;
			buildConfigurationList = 34F1AA8122439A3500FB7022 /* Build configuration list for PBXNativeTarget "BaluchonTests" */;
			buildPhases = (
				34F1AA6622439A3500FB7022 /* Sources */,
				34F1AA6722439A3500FB7022 /* Frameworks */,
				34F1AA6822439A3500FB7022 /* Resources */,
			);
			buildRules = (
			);
			dependencies = (
				34F1AA6C22439A3500FB7022 /* PBXTargetDependency */,
			);
			name = BaluchonTests;
			productName = BaluchonTests;
			productReference = 34F1AA6A22439A3500FB7022 /* BaluchonTests.xctest */;
			productType = "com.apple.product-type.bundle.unit-test";
		};
		34F1AA7422439A3500FB7022 /* BaluchonUITests */ = {
			isa = PBXNativeTarget;
			buildConfigurationList = 34F1AA8422439A3500FB7022 /* Build configuration list for PBXNativeTarget "BaluchonUITests" */;
			buildPhases = (
				34F1AA7122439A3500FB7022 /* Sources */,
				34F1AA7222439A3500FB7022 /* Frameworks */,
				34F1AA7322439A3500FB7022 /* Resources */,
			);
			buildRules = (
			);
			dependencies = (
				34F1AA7722439A3500FB7022 /* PBXTargetDependency */,
			);
			name = BaluchonUITests;
			productName = BaluchonUITests;
			productReference = 34F1AA7522439A3500FB7022 /* BaluchonUITests.xctest */;
			productType = "com.apple.product-type.bundle.ui-testing";
		};
/* End PBXNativeTarget section */

/* Begin PBXProject section */
		34F1AA4E22439A3400FB7022 /* Project object */ = {
			isa = PBXProject;
			attributes = {
				LastSwiftUpdateCheck = 1010;
				LastUpgradeCheck = 1010;
				ORGANIZATIONNAME = Nasch;
				TargetAttributes = {
					34F1AA5522439A3400FB7022 = {
						CreatedOnToolsVersion = 10.1;
						LastSwiftMigration = 1020;
					};
					34F1AA6922439A3500FB7022 = {
						CreatedOnToolsVersion = 10.1;
						LastSwiftMigration = 1020;
						TestTargetID = 34F1AA5522439A3400FB7022;
					};
					34F1AA7422439A3500FB7022 = {
						CreatedOnToolsVersion = 10.1;
						LastSwiftMigration = 1020;
						TestTargetID = 34F1AA5522439A3400FB7022;
					};
				};
			};
			buildConfigurationList = 34F1AA5122439A3400FB7022 /* Build configuration list for PBXProject "Baluchon" */;
			compatibilityVersion = "Xcode 9.3";
			developmentRegion = en;
			hasScannedForEncodings = 0;
			knownRegions = (
				en,
				Base,
			);
			mainGroup = 34F1AA4D22439A3400FB7022;
			productRefGroup = 34F1AA5722439A3400FB7022 /* Products */;
			projectDirPath = "";
			projectRoot = "";
			targets = (
				34F1AA5522439A3400FB7022 /* Baluchon */,
				34F1AA6922439A3500FB7022 /* BaluchonTests */,
				34F1AA7422439A3500FB7022 /* BaluchonUITests */,
			);
		};
/* End PBXProject section */

/* Begin PBXResourcesBuildPhase section */
		34F1AA5422439A3400FB7022 /* Resources */ = {
			isa = PBXResourcesBuildPhase;
			buildActionMask = 2147483647;
			files = (
				34F1AA6422439A3500FB7022 /* LaunchScreen.storyboard in Resources */,
				34F1AA6122439A3500FB7022 /* Assets.xcassets in Resources */,
				34F1AA5F22439A3400FB7022 /* Main.storyboard in Resources */,
			);
			runOnlyForDeploymentPostprocessing = 0;
		};
		34F1AA6822439A3500FB7022 /* Resources */ = {
			isa = PBXResourcesBuildPhase;
			buildActionMask = 2147483647;
			files = (
			);
			runOnlyForDeploymentPostprocessing = 0;
		};
		34F1AA7322439A3500FB7022 /* Resources */ = {
			isa = PBXResourcesBuildPhase;
			buildActionMask = 2147483647;
			files = (
			);
			runOnlyForDeploymentPostprocessing = 0;
		};
/* End PBXResourcesBuildPhase section */

/* Begin PBXSourcesBuildPhase section */
		34F1AA5222439A3400FB7022 /* Sources */ = {
			isa = PBXSourcesBuildPhase;
			buildActionMask = 2147483647;
			files = (
				34F1AA8B22439CBC00FB7022 /* ChangeModel.swift in Sources */,
				34F1AA9122439FD300FB7022 /* TraductionViewController.swift in Sources */,
				34F1AA8F22439FC300FB7022 /* WeatherViewController.swift in Sources */,
				341CCC1B2248F22500DD6C18 /* WeatherModel.swift in Sources */,
				34F1AA5C22439A3400FB7022 /* ViewController.swift in Sources */,
				34F1AA8D22439F6800FB7022 /* ChangeViewController.swift in Sources */,
				341CCC1D2248F22E00DD6C18 /* traductionModel.swift in Sources */,
				34F1AA5A22439A3400FB7022 /* AppDelegate.swift in Sources */,
			);
			runOnlyForDeploymentPostprocessing = 0;
		};
		34F1AA6622439A3500FB7022 /* Sources */ = {
			isa = PBXSourcesBuildPhase;
			buildActionMask = 2147483647;
			files = (
				34F1AA6F22439A3500FB7022 /* BaluchonTests.swift in Sources */,
			);
			runOnlyForDeploymentPostprocessing = 0;
		};
		34F1AA7122439A3500FB7022 /* Sources */ = {
			isa = PBXSourcesBuildPhase;
			buildActionMask = 2147483647;
			files = (
				34F1AA7A22439A3500FB7022 /* BaluchonUITests.swift in Sources */,
			);
			runOnlyForDeploymentPostprocessing = 0;
		};
/* End PBXSourcesBuildPhase section */

/* Begin PBXTargetDependency section */
		34F1AA6C22439A3500FB7022 /* PBXTargetDependency */ = {
			isa = PBXTargetDependency;
			target = 34F1AA5522439A3400FB7022 /* Baluchon */;
			targetProxy = 34F1AA6B22439A3500FB7022 /* PBXContainerItemProxy */;
		};
		34F1AA7722439A3500FB7022 /* PBXTargetDependency */ = {
			isa = PBXTargetDependency;
			target = 34F1AA5522439A3400FB7022 /* Baluchon */;
			targetProxy = 34F1AA7622439A3500FB7022 /* PBXContainerItemProxy */;
		};
/* End PBXTargetDependency section */

/* Begin PBXVariantGroup section */
		34F1AA5D22439A3400FB7022 /* Main.storyboard */ = {
			isa = PBXVariantGroup;
			children = (
				34F1AA5E22439A3400FB7022 /* Base */,
			);
			name = Main.storyboard;
			sourceTree = "<group>";
		};
		34F1AA6222439A3500FB7022 /* LaunchScreen.storyboard */ = {
			isa = PBXVariantGroup;
			children = (
				34F1AA6322439A3500FB7022 /* Base */,
			);
			name = LaunchScreen.storyboard;
			sourceTree = "<group>";
		};
/* End PBXVariantGroup section */

/* Begin XCBuildConfiguration section */
		34F1AA7C22439A3500FB7022 /* Debug */ = {
			isa = XCBuildConfiguration;
			buildSettings = {
				ALWAYS_SEARCH_USER_PATHS = NO;
				CLANG_ANALYZER_NONNULL = YES;
				CLANG_ANALYZER_NUMBER_OBJECT_CONVERSION = YES_AGGRESSIVE;
				CLANG_CXX_LANGUAGE_STANDARD = "gnu++14";
				CLANG_CXX_LIBRARY = "libc++";
				CLANG_ENABLE_MODULES = YES;
				CLANG_ENABLE_OBJC_ARC = YES;
				CLANG_ENABLE_OBJC_WEAK = YES;
				CLANG_WARN_BLOCK_CAPTURE_AUTORELEASING = YES;
				CLANG_WARN_BOOL_CONVERSION = YES;
				CLANG_WARN_COMMA = YES;
				CLANG_WARN_CONSTANT_CONVERSION = YES;
				CLANG_WARN_DEPRECATED_OBJC_IMPLEMENTATIONS = YES;
				CLANG_WARN_DIRECT_OBJC_ISA_USAGE = YES_ERROR;
				CLANG_WARN_DOCUMENTATION_COMMENTS = YES;
				CLANG_WARN_EMPTY_BODY = YES;
				CLANG_WARN_ENUM_CONVERSION = YES;
				CLANG_WARN_INFINITE_RECURSION = YES;
				CLANG_WARN_INT_CONVERSION = YES;
				CLANG_WARN_NON_LITERAL_NULL_CONVERSION = YES;
				CLANG_WARN_OBJC_IMPLICIT_RETAIN_SELF = YES;
				CLANG_WARN_OBJC_LITERAL_CONVERSION = YES;
				CLANG_WARN_OBJC_ROOT_CLASS = YES_ERROR;
				CLANG_WARN_RANGE_LOOP_ANALYSIS = YES;
				CLANG_WARN_STRICT_PROTOTYPES = YES;
				CLANG_WARN_SUSPICIOUS_MOVE = YES;
				CLANG_WARN_UNGUARDED_AVAILABILITY = YES_AGGRESSIVE;
				CLANG_WARN_UNREACHABLE_CODE = YES;
				CLANG_WARN__DUPLICATE_METHOD_MATCH = YES;
				CODE_SIGN_IDENTITY = "iPhone Developer";
				COPY_PHASE_STRIP = NO;
				DEBUG_INFORMATION_FORMAT = dwarf;
				ENABLE_STRICT_OBJC_MSGSEND = YES;
				ENABLE_TESTABILITY = YES;
				GCC_C_LANGUAGE_STANDARD = gnu11;
				GCC_DYNAMIC_NO_PIC = NO;
				GCC_NO_COMMON_BLOCKS = YES;
				GCC_OPTIMIZATION_LEVEL = 0;
				GCC_PREPROCESSOR_DEFINITIONS = (
					"DEBUG=1",
					"$(inherited)",
				);
				GCC_WARN_64_TO_32_BIT_CONVERSION = YES;
				GCC_WARN_ABOUT_RETURN_TYPE = YES_ERROR;
				GCC_WARN_UNDECLARED_SELECTOR = YES;
				GCC_WARN_UNINITIALIZED_AUTOS = YES_AGGRESSIVE;
				GCC_WARN_UNUSED_FUNCTION = YES;
				GCC_WARN_UNUSED_VARIABLE = YES;
				IPHONEOS_DEPLOYMENT_TARGET = 12.1;
				MTL_ENABLE_DEBUG_INFO = INCLUDE_SOURCE;
				MTL_FAST_MATH = YES;
				ONLY_ACTIVE_ARCH = YES;
				SDKROOT = iphoneos;
				SWIFT_ACTIVE_COMPILATION_CONDITIONS = DEBUG;
				SWIFT_OPTIMIZATION_LEVEL = "-Onone";
			};
			name = Debug;
		};
		34F1AA7D22439A3500FB7022 /* Release */ = {
			isa = XCBuildConfiguration;
			buildSettings = {
				ALWAYS_SEARCH_USER_PATHS = NO;
				CLANG_ANALYZER_NONNULL = YES;
				CLANG_ANALYZER_NUMBER_OBJECT_CONVERSION = YES_AGGRESSIVE;
				CLANG_CXX_LANGUAGE_STANDARD = "gnu++14";
				CLANG_CXX_LIBRARY = "libc++";
				CLANG_ENABLE_MODULES = YES;
				CLANG_ENABLE_OBJC_ARC = YES;
				CLANG_ENABLE_OBJC_WEAK = YES;
				CLANG_WARN_BLOCK_CAPTURE_AUTORELEASING = YES;
				CLANG_WARN_BOOL_CONVERSION = YES;
				CLANG_WARN_COMMA = YES;
				CLANG_WARN_CONSTANT_CONVERSION = YES;
				CLANG_WARN_DEPRECATED_OBJC_IMPLEMENTATIONS = YES;
				CLANG_WARN_DIRECT_OBJC_ISA_USAGE = YES_ERROR;
				CLANG_WARN_DOCUMENTATION_COMMENTS = YES;
				CLANG_WARN_EMPTY_BODY = YES;
				CLANG_WARN_ENUM_CONVERSION = YES;
				CLANG_WARN_INFINITE_RECURSION = YES;
				CLANG_WARN_INT_CONVERSION = YES;
				CLANG_WARN_NON_LITERAL_NULL_CONVERSION = YES;
				CLANG_WARN_OBJC_IMPLICIT_RETAIN_SELF = YES;
				CLANG_WARN_OBJC_LITERAL_CONVERSION = YES;
				CLANG_WARN_OBJC_ROOT_CLASS = YES_ERROR;
				CLANG_WARN_RANGE_LOOP_ANALYSIS = YES;
				CLANG_WARN_STRICT_PROTOTYPES = YES;
				CLANG_WARN_SUSPICIOUS_MOVE = YES;
				CLANG_WARN_UNGUARDED_AVAILABILITY = YES_AGGRESSIVE;
				CLANG_WARN_UNREACHABLE_CODE = YES;
				CLANG_WARN__DUPLICATE_METHOD_MATCH = YES;
				CODE_SIGN_IDENTITY = "iPhone Developer";
				COPY_PHASE_STRIP = NO;
				DEBUG_INFORMATION_FORMAT = "dwarf-with-dsym";
				ENABLE_NS_ASSERTIONS = NO;
				ENABLE_STRICT_OBJC_MSGSEND = YES;
				GCC_C_LANGUAGE_STANDARD = gnu11;
				GCC_NO_COMMON_BLOCKS = YES;
				GCC_WARN_64_TO_32_BIT_CONVERSION = YES;
				GCC_WARN_ABOUT_RETURN_TYPE = YES_ERROR;
				GCC_WARN_UNDECLARED_SELECTOR = YES;
				GCC_WARN_UNINITIALIZED_AUTOS = YES_AGGRESSIVE;
				GCC_WARN_UNUSED_FUNCTION = YES;
				GCC_WARN_UNUSED_VARIABLE = YES;
				IPHONEOS_DEPLOYMENT_TARGET = 12.1;
				MTL_ENABLE_DEBUG_INFO = NO;
				MTL_FAST_MATH = YES;
				SDKROOT = iphoneos;
				SWIFT_COMPILATION_MODE = wholemodule;
				SWIFT_OPTIMIZATION_LEVEL = "-O";
				VALIDATE_PRODUCT = YES;
			};
			name = Release;
		};
		34F1AA7F22439A3500FB7022 /* Debug */ = {
			isa = XCBuildConfiguration;
			buildSettings = {
				ASSETCATALOG_COMPILER_APPICON_NAME = AppIcon;
				CODE_SIGN_STYLE = Automatic;
				DEVELOPMENT_TEAM = HD9FBZBVT8;
				INFOPLIST_FILE = Baluchon/Info.plist;
				LD_RUNPATH_SEARCH_PATHS = (
					"$(inherited)",
					"@executable_path/Frameworks",
				);
				PRODUCT_BUNDLE_IDENTIFIER = com.nicolaspaschal.Baluchon;
				PRODUCT_NAME = "$(TARGET_NAME)";
				SWIFT_VERSION = 5.0;
				TARGETED_DEVICE_FAMILY = "1,2";
			};
			name = Debug;
		};
		34F1AA8022439A3500FB7022 /* Release */ = {
			isa = XCBuildConfiguration;
			buildSettings = {
				ASSETCATALOG_COMPILER_APPICON_NAME = AppIcon;
				CODE_SIGN_STYLE = Automatic;
				DEVELOPMENT_TEAM = HD9FBZBVT8;
				INFOPLIST_FILE = Baluchon/Info.plist;
				LD_RUNPATH_SEARCH_PATHS = (
					"$(inherited)",
					"@executable_path/Frameworks",
				);
				PRODUCT_BUNDLE_IDENTIFIER = com.nicolaspaschal.Baluchon;
				PRODUCT_NAME = "$(TARGET_NAME)";
				SWIFT_VERSION = 5.0;
				TARGETED_DEVICE_FAMILY = "1,2";
			};
			name = Release;
		};
		34F1AA8222439A3500FB7022 /* Debug */ = {
			isa = XCBuildConfiguration;
			buildSettings = {
				ALWAYS_EMBED_SWIFT_STANDARD_LIBRARIES = YES;
				BUNDLE_LOADER = "$(TEST_HOST)";
				CODE_SIGN_STYLE = Automatic;
				DEVELOPMENT_TEAM = HD9FBZBVT8;
				INFOPLIST_FILE = BaluchonTests/Info.plist;
				LD_RUNPATH_SEARCH_PATHS = (
					"$(inherited)",
					"@executable_path/Frameworks",
					"@loader_path/Frameworks",
				);
				PRODUCT_BUNDLE_IDENTIFIER = com.nicolaspaschal.BaluchonTests;
				PRODUCT_NAME = "$(TARGET_NAME)";
				SWIFT_VERSION = 5.0;
				TARGETED_DEVICE_FAMILY = "1,2";
				TEST_HOST = "$(BUILT_PRODUCTS_DIR)/Baluchon.app/Baluchon";
			};
			name = Debug;
		};
		34F1AA8322439A3500FB7022 /* Release */ = {
			isa = XCBuildConfiguration;
			buildSettings = {
				ALWAYS_EMBED_SWIFT_STANDARD_LIBRARIES = YES;
				BUNDLE_LOADER = "$(TEST_HOST)";
				CODE_SIGN_STYLE = Automatic;
				DEVELOPMENT_TEAM = HD9FBZBVT8;
				INFOPLIST_FILE = BaluchonTests/Info.plist;
				LD_RUNPATH_SEARCH_PATHS = (
					"$(inherited)",
					"@executable_path/Frameworks",
					"@loader_path/Frameworks",
				);
				PRODUCT_BUNDLE_IDENTIFIER = com.nicolaspaschal.BaluchonTests;
				PRODUCT_NAME = "$(TARGET_NAME)";
				SWIFT_VERSION = 5.0;
				TARGETED_DEVICE_FAMILY = "1,2";
				TEST_HOST = "$(BUILT_PRODUCTS_DIR)/Baluchon.app/Baluchon";
			};
			name = Release;
		};
		34F1AA8522439A3500FB7022 /* Debug */ = {
			isa = XCBuildConfiguration;
			buildSettings = {
				ALWAYS_EMBED_SWIFT_STANDARD_LIBRARIES = YES;
				CODE_SIGN_STYLE = Automatic;
				DEVELOPMENT_TEAM = HD9FBZBVT8;
				INFOPLIST_FILE = BaluchonUITests/Info.plist;
				LD_RUNPATH_SEARCH_PATHS = (
					"$(inherited)",
					"@executable_path/Frameworks",
					"@loader_path/Frameworks",
				);
				PRODUCT_BUNDLE_IDENTIFIER = com.nicolaspaschal.BaluchonUITests;
				PRODUCT_NAME = "$(TARGET_NAME)";
				SWIFT_VERSION = 5.0;
				TARGETED_DEVICE_FAMILY = "1,2";
				TEST_TARGET_NAME = Baluchon;
			};
			name = Debug;
		};
		34F1AA8622439A3500FB7022 /* Release */ = {
			isa = XCBuildConfiguration;
			buildSettings = {
				ALWAYS_EMBED_SWIFT_STANDARD_LIBRARIES = YES;
				CODE_SIGN_STYLE = Automatic;
				DEVELOPMENT_TEAM = HD9FBZBVT8;
				INFOPLIST_FILE = BaluchonUITests/Info.plist;
				LD_RUNPATH_SEARCH_PATHS = (
					"$(inherited)",
					"@executable_path/Frameworks",
					"@loader_path/Frameworks",
				);
				PRODUCT_BUNDLE_IDENTIFIER = com.nicolaspaschal.BaluchonUITests;
				PRODUCT_NAME = "$(TARGET_NAME)";
				SWIFT_VERSION = 5.0;
				TARGETED_DEVICE_FAMILY = "1,2";
				TEST_TARGET_NAME = Baluchon;
			};
			name = Release;
		};
/* End XCBuildConfiguration section */

/* Begin XCConfigurationList section */
		34F1AA5122439A3400FB7022 /* Build configuration list for PBXProject "Baluchon" */ = {
			isa = XCConfigurationList;
			buildConfigurations = (
				34F1AA7C22439A3500FB7022 /* Debug */,
				34F1AA7D22439A3500FB7022 /* Release */,
			);
			defaultConfigurationIsVisible = 0;
			defaultConfigurationName = Release;
		};
		34F1AA7E22439A3500FB7022 /* Build configuration list for PBXNativeTarget "Baluchon" */ = {
			isa = XCConfigurationList;
			buildConfigurations = (
				34F1AA7F22439A3500FB7022 /* Debug */,
				34F1AA8022439A3500FB7022 /* Release */,
			);
			defaultConfigurationIsVisible = 0;
			defaultConfigurationName = Release;
		};
		34F1AA8122439A3500FB7022 /* Build configuration list for PBXNativeTarget "BaluchonTests" */ = {
			isa = XCConfigurationList;
			buildConfigurations = (
				34F1AA8222439A3500FB7022 /* Debug */,
				34F1AA8322439A3500FB7022 /* Release */,
			);
			defaultConfigurationIsVisible = 0;
			defaultConfigurationName = Release;
		};
		34F1AA8422439A3500FB7022 /* Build configuration list for PBXNativeTarget "BaluchonUITests" */ = {
			isa = XCConfigurationList;
			buildConfigurations = (
				34F1AA8522439A3500FB7022 /* Debug */,
				34F1AA8622439A3500FB7022 /* Release */,
			);
			defaultConfigurationIsVisible = 0;
			defaultConfigurationName = Release;
		};
/* End XCConfigurationList section */
	};
	rootObject = 34F1AA4E22439A3400FB7022 /* Project object */;
}
